
Microsoft Visual Studio Solution File, Format Version 12.00
# Visual Studio Version 17
VisualStudioVersion = 17.1.32328.378
MinimumVisualStudioVersion = 10.0.40219.1
Project("{9A19103F-16F7-4668-BE54-9A1E7A4F7556}") = "NotificationPublisher", "publisher\NotificationPublisher.csproj", "{5B1650BC-3078-481B-B0D9-5F9580B1DC02}"
EndProject
Project("{9A19103F-16F7-4668-BE54-9A1E7A4F7556}") = "NotificationSubscriber", "subscriber\NotificationSubscriber.csproj", "{E98BC90D-3576-4863-A880-3572ED9E2898}"
EndProject
Global
	GlobalSection(SolutionConfigurationPlatforms) = preSolution
		Debug|Any CPU = Debug|Any CPU
		Release|Any CPU = Release|Any CPU
	EndGlobalSection
	GlobalSection(ProjectConfigurationPlatforms) = postSolution
		{5B1650BC-3078-481B-B0D9-5F9580B1DC02}.Debug|Any CPU.ActiveCfg = Debug|Any CPU
		{5B1650BC-3078-481B-B0D9-5F9580B1DC02}.Debug|Any CPU.Build.0 = Debug|Any CPU
		{5B1650BC-3078-481B-B0D9-5F9580B1DC02}.Release|Any CPU.ActiveCfg = Release|Any CPU
		{5B1650BC-3078-481B-B0D9-5F9580B1DC02}.Release|Any CPU.Build.0 = Release|Any CPU
		{E98BC90D-3576-4863-A880-3572ED9E2898}.Debug|Any CPU.ActiveCfg = Debug|Any CPU
		{E98BC90D-3576-4863-A880-3572ED9E2898}.Debug|Any CPU.Build.0 = Debug|Any CPU
		{E98BC90D-3576-4863-A880-3572ED9E2898}.Release|Any CPU.ActiveCfg = Release|Any CPU
		{E98BC90D-3576-4863-A880-3572ED9E2898}.Release|Any CPU.Build.0 = Release|Any CPU
	EndGlobalSection
EndGlobal
